{
    "_meta": {
        "hash": {
            "sha256": "7c6c5427e4943fb15f8df09f4863fbca374cf880a499a243d631213152439c1a"
        },
        "requires": {
            "python_version": "3.6"
        },
        "sources": [
            {
                "url": "https://pypi.python.org/simple",
                "verify_ssl": true
            }
        ]
    },
    "default": {
        "aiohttp": {
            "version": "==2.2.5"
        },
        "aiomysql": {
            "version": "==0.0.9"
        },
        "asn1crypto": {
            "version": "==0.23.0"
        },
        "async-timeout": {
            "version": "==2.0.0"
        },
        "cchardet": {
            "version": "==2.1.1"
        },
        "certifi": {
            "version": "==2017.7.27.1"
        },
        "cffi": {
            "version": "==1.11.2"
        },
        "chardet": {
            "version": "==3.0.4"
        },
        "cryptography": {
            "version": "==2.0.3"
        },
        "ecdsa": {
            "version": "==0.13"
        },
        "funcsigs": {
            "version": "==1.0.2"
        },
        "funcy": {
            "version": "==1.9.1"
        },
        "future": {
            "version": "==0.16.0"
        },
        "http-ece": {
            "version": "==1.0.5"
        },
        "idna": {
            "version": "==2.6"
        },
        "jsonrpcclient": {
            "version": "==2.5.1"
        },
        "jsonrpcserver": {
            "version": "==3.5.2"
        },
        "jsonschema": {
            "version": "==2.6.0"
        },
        "multidict": {
            "version": "==3.2.0"
        },
        "py-vapid": {
            "version": "==1.3.0"
        },
        "pycparser": {
            "version": "==2.18"
        },
        "pymysql": {
            "version": "==0.7.11"
        },
        "python-dateutil": {
            "version": "==2.6.1"
        },
        "python-http-client": {
            "version": "==3.0.0"
        },
        "pywebpush": {
            "version": "==1.3.0"
        },
        "requests": {
            "version": "==2.18.4"
        },
        "secp256k1": {
            "version": "==0.13.2"
        },
        "sendgrid": {
            "version": "==5.2.0"
        },
        "six": {
            "version": "==1.11.0"
        },
        "sqlalchemy": {
            "version": "==1.1.14"
        },
        "steem": {
            "git": "https://github.com/steemit/steem-python.git",
            "version": "==0.18.9"
        },
        "toolz": {
            "version": "==0.8.2"
        },
        "ujson": {
            "version": "==1.35"
        },
        "urllib3": {
            "version": "==1.22"
        },
        "uvloop": {
            "version": "==0.8.1"
        },
        "websockets": {
            "version": "==3.4"
        },
        "yarl": {
            "version": "==0.13.0"
        }
    },
    "develop": {
        "astroid": {
            "version": "==1.5.3"
        },
        "attrs": {
            "version": "==16.3.0"
        },
        "autopep8": {
            "version": "==1.3.2"
        },
        "certifi": {
            "version": "==2017.7.27.1"
        },
        "chardet": {
            "version": "==3.0.4"
        },
        "commonmark": {
            "version": "==0.5.4"
        },
        "coverage": {
            "version": "==4.4.1"
        },
        "decorator": {
            "version": "==4.1.2"
        },
        "docker": {
            "version": "==2.5.1"
        },
        "docker-pycreds": {
            "version": "==0.2.1"
        },
        "docutils": {
            "version": "==0.14"
        },
        "idna": {
            "version": "==2.6"
        },
        "ipython": {
            "version": "==6.2.1"
        },
        "ipython-genutils": {
            "version": "==0.2.0"
        },
        "isort": {
            "version": "==4.2.15"
        },
        "jedi": {
            "version": "==0.11.0"
        },
        "lazy-object-proxy": {
            "version": "==1.3.1"
        },
        "mccabe": {
            "version": "==0.6.1"
        },
        "mock": {
            "version": "==2.0.0"
        },
        "parso": {
            "version": "==0.1.0"
        },
        "pbr": {
            "version": "==3.1.1"
        },
        "pep8": {
            "version": "==1.7.0"
        },
        "pexpect": {
            "version": "==4.2.1"
        },
        "pickleshare": {
            "version": "==0.7.4"
        },
        "prompt-toolkit": {
            "version": "==1.0.15"
        },
        "ptyprocess": {
            "version": "==0.5.2"
        },
        "py": {
            "version": "==1.4.34"
        },
        "pycodestyle": {
            "version": "==2.3.1"
        },
        "pygments": {
            "version": "==2.2.0"
        },
        "pylint": {
            "version": "==1.7.4"
        },
        "pytest": {
            "version": "==3.2.3"
        },
        "pytest-asyncio": {
            "version": "==0.8.0"
        },
        "pytest-console-scripts": {
            "version": "==0.1.3"
        },
        "pytest-cov": {
            "version": "==2.5.1"
        },
        "pytest-docker": {
            "version": "==0.6.0"
        },
        "pytest-pylint": {
            "version": "==0.7.1"
        },
        "recommonmark": {
            "version": "==0.4.0"
        },
        "requests": {
            "version": "==2.18.4"
        },
        "setuptools": {
            "version": "==36.5.0"
        },
        "simplegeneric": {
            "version": "==0.8.1"
        },
        "six": {
            "version": "==1.11.0"
        },
        "traitlets": {
            "version": "==4.3.2"
        },
        "urllib3": {
            "version": "==1.22"
        },
        "wcwidth": {
            "version": "==0.1.7"
        },
        "websocket-client": {
            "version": "==0.44.0"
        },
        "wrapt": {
            "version": "==1.10.11"
        },
        "yapf": {
            "version": "==0.18.0"
        }
    }
}
